// !$*UTF8*$!
{
	archiveVersion = 1;
	classes = {
	};
	objectVersion = 77;
	objects = {

/* Begin PBXContainerItemProxy section */
		6AB29D072E44E8F9001A5E39 /* PBXContainerItemProxy */ = {
			isa = PBXContainerItemProxy;
			containerPortal = 6AB29CEE2E44E8F4001A5E39 /* Project object */;
			proxyType = 1;
			remoteGlobalIDString = 6AB29CF52E44E8F5001A5E39;
			remoteInfo = AIChatMate;
		};
		6AB29D112E44E8F9001A5E39 /* PBXContainerItemProxy */ = {
			isa = PBXContainerItemProxy;
			containerPortal = 6AB29CEE2E44E8F4001A5E39 /* Project object */;
			proxyType = 1;
			remoteGlobalIDString = 6AB29CF52E44E8F5001A5E39;
			remoteInfo = AIChatMate;
		};
/* End PBXContainerItemProxy section */

/* Begin PBXFileReference section */
		6AB29CF62E44E8F5001A5E39 /* AIChatMate.app */ = {isa = PBXFileReference; explicitFileType = wrapper.application; includeInIndex = 0; path = AIChatMate.app; sourceTree = BUILT_PRODUCTS_DIR; };
		6AB29D062E44E8F9001A5E39 /* AIChatMateTests.xctest */ = {isa = PBXFileReference; explicitFileType = wrapper.cfbundle; includeInIndex = 0; path = AIChatMateTests.xctest; sourceTree = BUILT_PRODUCTS_DIR; };
		6AB29D102E44E8F9001A5E39 /* AIChatMateUITests.xctest */ = {isa = PBXFileReference; explicitFileType = wrapper.cfbundle; includeInIndex = 0; path = AIChatMateUITests.xctest; sourceTree = BUILT_PRODUCTS_DIR; };
/* End PBXFileReference section */

/* Begin PBXFileSystemSynchronizedBuildFileExceptionSet section */
		6AB29ED82E44F235001A5E39 /* Exceptions for "AIChatMate" folder in "AIChatMate" target */ = {
			isa = PBXFileSystemSynchronizedBuildFileExceptionSet;
			membershipExceptions = (
				Info.plist,
			);
			target = 6AB29CF52E44E8F5001A5E39 /* AIChatMate */;
		};
/* End PBXFileSystemSynchronizedBuildFileExceptionSet section */

/* Begin PBXFileSystemSynchronizedRootGroup section */
		6AB29CF82E44E8F5001A5E39 /* AIChatMate */ = {
			isa = PBXFileSystemSynchronizedRootGroup;
			exceptions = (
				6AB29ED82E44F235001A5E39 /* Exceptions for "AIChatMate" folder in "AIChatMate" target */,
			);
			path = AIChatMate;
			sourceTree = "<group>";
		};
		6AB29D092E44E8F9001A5E39 /* AIChatMateTests */ = {
			isa = PBXFileSystemSynchronizedRootGroup;
			path = AIChatMateTests;
			sourceTree = "<group>";
		};
		6AB29D132E44E8F9001A5E39 /* AIChatMateUITests */ = {
			isa = PBXFileSystemSynchronizedRootGroup;
			path = AIChatMateUITests;
			sourceTree = "<group>";
		};
/* End PBXFileSystemSynchronizedRootGroup section */

/* Begin PBXFrameworksBuildPhase section */
		6AB29CF32E44E8F5001A5E39 /* Frameworks */ = {
			isa = PBXFrameworksBuildPhase;
			buildActionMask = 2147483647;
			files = (
			);
			runOnlyForDeploymentPostprocessing = 0;
		};
		6AB29D032E44E8F9001A5E39 /* Frameworks */ = {
			isa = PBXFrameworksBuildPhase;
			buildActionMask = 2147483647;
			files = (
			);
			runOnlyForDeploymentPostprocessing = 0;
		};
		6AB29D0D2E44E8F9001A5E39 /* Frameworks */ = {
			isa = PBXFrameworksBuildPhase;
			buildActionMask = 2147483647;
			files = (
			);
			runOnlyForDeploymentPostprocessing = 0;
		};
/* End PBXFrameworksBuildPhase section */

/* Begin PBXGroup section */
		6AB29CED2E44E8F4001A5E39 = {
			isa = PBXGroup;
			children = (
				6AB29CF82E44E8F5001A5E39 /* AIChatMate */,
				6AB29D092E44E8F9001A5E39 /* AIChatMateTests */,
				6AB29D132E44E8F9001A5E39 /* AIChatMateUITests */,
				6AB29CF72E44E8F5001A5E39 /* Products */,
			);
			sourceTree = "<group>";
		};
		6AB29CF72E44E8F5001A5E39 /* Products */ = {
			isa = PBXGroup;
			children = (
				6AB29CF62E44E8F5001A5E39 /* AIChatMate.app */,
				6AB29D062E44E8F9001A5E39 /* AIChatMateTests.xctest */,
				6AB29D102E44E8F9001A5E39 /* AIChatMateUITests.xctest */,
			);
			name = Products;
			sourceTree = "<group>";
		};
/* End PBXGroup section */

/* Begin PBXNativeTarget section */
		6AB29CF52E44E8F5001A5E39 /* AIChatMate */ = {
			isa = PBXNativeTarget;
			buildConfigurationList = 6AB29D1A2E44E8F9001A5E39 /* Build configuration list for PBXNativeTarget "AIChatMate" */;
			buildPhases = (
				6AB29CF22E44E8F5001A5E39 /* Sources */,
				6AB29CF32E44E8F5001A5E39 /* Frameworks */,
				6AB29CF42E44E8F5001A5E39 /* Resources */,
			);
			buildRules = (
			);
			dependencies = (
			);
			fileSystemSynchronizedGroups = (
				6AB29CF82E44E8F5001A5E39 /* AIChatMate */,
			);
			name = AIChatMate;
			packageProductDependencies = (
			);
			productName = AIChatMate;
			productReference = 6AB29CF62E44E8F5001A5E39 /* AIChatMate.app */;
			productType = "com.apple.product-type.application";
		};
		6AB29D052E44E8F9001A5E39 /* AIChatMateTests */ = {
			isa = PBXNativeTarget;
			buildConfigurationList = 6AB29D1D2E44E8F9001A5E39 /* Build configuration list for PBXNativeTarget "AIChatMateTests" */;
			buildPhases = (
				6AB29D022E44E8F9001A5E39 /* Sources */,
				6AB29D032E44E8F9001A5E39 /* Frameworks */,
				6AB29D042E44E8F9001A5E39 /* Resources */,
			);
			buildRules = (
			);
			dependencies = (
				6AB29D082E44E8F9001A5E39 /* PBXTargetDependency */,
			);
			fileSystemSynchronizedGroups = (
				6AB29D092E44E8F9001A5E39 /* AIChatMateTests */,
			);
			name = AIChatMateTests;
			packageProductDependencies = (
			);
			productName = AIChatMateTests;
			productReference = 6AB29D062E44E8F9001A5E39 /* AIChatMateTests.xctest */;
			productType = "com.apple.product-type.bundle.unit-test";
		};
		6AB29D0F2E44E8F9001A5E39 /* AIChatMateUITests */ = {
			isa = PBXNativeTarget;
			buildConfigurationList = 6AB29D202E44E8F9001A5E39 /* Build configuration list for PBXNativeTarget "AIChatMateUITests" */;
			buildPhases = (
				6AB29D0C2E44E8F9001A5E39 /* Sources */,
				6AB29D0D2E44E8F9001A5E39 /* Frameworks */,
				6AB29D0E2E44E8F9001A5E39 /* Resources */,
			);
			buildRules = (
			);
			dependencies = (
				6AB29D122E44E8F9001A5E39 /* PBXTargetDependency */,
			);
			fileSystemSynchronizedGroups = (
				6AB29D132E44E8F9001A5E39 /* AIChatMateUITests */,
			);
			name = AIChatMateUITests;
			packageProductDependencies = (
			);
			productName = AIChatMateUITests;
			productReference = 6AB29D102E44E8F9001A5E39 /* AIChatMateUITests.xctest */;
			productType = "com.apple.product-type.bundle.ui-testing";
		};
/* End PBXNativeTarget section */

/* Begin PBXProject section */
		6AB29CEE2E44E8F4001A5E39 /* Project object */ = {
			isa = PBXProject;
			attributes = {
				BuildIndependentTargetsInParallel = 1;
				LastSwiftUpdateCheck = 1620;
				LastUpgradeCheck = 1620;
				TargetAttributes = {
					6AB29CF52E44E8F5001A5E39 = {
						CreatedOnToolsVersion = 16.2;
					};
					6AB29D052E44E8F9001A5E39 = {
						CreatedOnToolsVersion = 16.2;
						TestTargetID = 6AB29CF52E44E8F5001A5E39;
					};
					6AB29D0F2E44E8F9001A5E39 = {
						CreatedOnToolsVersion = 16.2;
						TestTargetID = 6AB29CF52E44E8F5001A5E39;
					};
				};
			};
			buildConfigurationList = 6AB29CF12E44E8F4001A5E39 /* Build configuration list for PBXProject "AIChatMate" */;
			developmentRegion = en;
			hasScannedForEncodings = 0;
			knownRegions = (
				en,
				Base,
			);
			mainGroup = 6AB29CED2E44E8F4001A5E39;
			minimizedProjectReferenceProxies = 1;
			preferredProjectObjectVersion = 77;
			productRefGroup = 6AB29CF72E44E8F5001A5E39 /* Products */;
			projectDirPath = "";
			projectRoot = "";
			targets = (
				6AB29CF52E44E8F5001A5E39 /* AIChatMate */,
				6AB29D052E44E8F9001A5E39 /* AIChatMateTests */,
				6AB29D0F2E44E8F9001A5E39 /* AIChatMateUITests */,
			);
		};
/* End PBXProject section */

/* Begin PBXResourcesBuildPhase section */
		6AB29CF42E44E8F5001A5E39 /* Resources */ = {
			isa = PBXResourcesBuildPhase;
			buildActionMask = 2147483647;
			files = (
			);
			runOnlyForDeploymentPostprocessing = 0;
		};
		6AB29D042E44E8F9001A5E39 /* Resources */ = {
			isa = PBXResourcesBuildPhase;
			buildActionMask = 2147483647;
			files = (
			);
			runOnlyForDeploymentPostprocessing = 0;
		};
		6AB29D0E2E44E8F9001A5E39 /* Resources */ = {
			isa = PBXResourcesBuildPhase;
			buildActionMask = 2147483647;
			files = (
			);
			runOnlyForDeploymentPostprocessing = 0;
		};
/* End PBXResourcesBuildPhase section */

/* Begin PBXSourcesBuildPhase section */
		6AB29CF22E44E8F5001A5E39 /* Sources */ = {
			isa = PBXSourcesBuildPhase;
			buildActionMask = 2147483647;
			files = (
			);
			runOnlyForDeploymentPostprocessing = 0;
		};
		6AB29D022E44E8F9001A5E39 /* Sources */ = {
			isa = PBXSourcesBuildPhase;
			buildActionMask = 2147483647;
			files = (
			);
			runOnlyForDeploymentPostprocessing = 0;
		};
		6AB29D0C2E44E8F9001A5E39 /* Sources */ = {
			isa = PBXSourcesBuildPhase;
			buildActionMask = 2147483647;
			files = (
			);
			runOnlyForDeploymentPostprocessing = 0;
		};
/* End PBXSourcesBuildPhase section */

/* Begin PBXTargetDependency section */
		6AB29D082E44E8F9001A5E39 /* PBXTargetDependency */ = {
			isa = PBXTargetDependency;
			target = 6AB29CF52E44E8F5001A5E39 /* AIChatMate */;
			targetProxy = 6AB29D072E44E8F9001A5E39 /* PBXContainerItemProxy */;
		};
		6AB29D122E44E8F9001A5E39 /* PBXTargetDependency */ = {
			isa = PBXTargetDependency;
			target = 6AB29CF52E44E8F5001A5E39 /* AIChatMate */;
			targetProxy = 6AB29D112E44E8F9001A5E39 /* PBXContainerItemProxy */;
		};
/* End PBXTargetDependency section */

/* Begin XCBuildConfiguration section */
		6AB29D182E44E8F9001A5E39 /* Debug */ = {
			isa = XCBuildConfiguration;
			buildSettings = {
				ALWAYS_SEARCH_USER_PATHS = NO;
				ASSETCATALOG_COMPILER_GENERATE_SWIFT_ASSET_SYMBOL_EXTENSIONS = YES;
				CLANG_ANALYZER_NONNULL = YES;
				CLANG_ANALYZER_NUMBER_OBJECT_CONVERSION = YES_AGGRESSIVE;
				CLANG_CXX_LANGUAGE_STANDARD = "gnu++20";
				CLANG_ENABLE_MODULES = YES;
				CLANG_ENABLE_OBJC_ARC = YES;
				CLANG_ENABLE_OBJC_WEAK = YES;
				CLANG_WARN_BLOCK_CAPTURE_AUTORELEASING = YES;
				CLANG_WARN_BOOL_CONVERSION = YES;
				CLANG_WARN_COMMA = YES;
				CLANG_WARN_CONSTANT_CONVERSION = YES;
				CLANG_WARN_DEPRECATED_OBJC_IMPLEMENTATIONS = YES;
				CLANG_WARN_DIRECT_OBJC_ISA_USAGE = YES_ERROR;
				CLANG_WARN_DOCUMENTATION_COMMENTS = YES;
				CLANG_WARN_EMPTY_BODY = YES;
				CLANG_WARN_ENUM_CONVERSION = YES;
				CLANG_WARN_INFINITE_RECURSION = YES;
				CLANG_WARN_INT_CONVERSION = YES;
				CLANG_WARN_NON_LITERAL_NULL_CONVERSION = YES;
				CLANG_WARN_OBJC_IMPLICIT_RETAIN_SELF = YES;
				CLANG_WARN_OBJC_LITERAL_CONVERSION = YES;
				CLANG_WARN_OBJC_ROOT_CLASS = YES_ERROR;
				CLANG_WARN_QUOTED_INCLUDE_IN_FRAMEWORK_HEADER = YES;
				CLANG_WARN_RANGE_LOOP_ANALYSIS = YES;
				CLANG_WARN_STRICT_PROTOTYPES = YES;
				CLANG_WARN_SUSPICIOUS_MOVE = YES;
				CLANG_WARN_UNGUARDED_AVAILABILITY = YES_AGGRESSIVE;
				CLANG_WARN_UNREACHABLE_CODE = YES;
				CLANG_WARN__DUPLICATE_METHOD_MATCH = YES;
				COPY_PHASE_STRIP = NO;
				DEBUG_INFORMATION_FORMAT = dwarf;
				ENABLE_STRICT_OBJC_MSGSEND = YES;
				ENABLE_TESTABILITY = YES;
				ENABLE_USER_SCRIPT_SANDBOXING = YES;
				GCC_C_LANGUAGE_STANDARD = gnu17;
				GCC_DYNAMIC_NO_PIC = NO;
				GCC_NO_COMMON_BLOCKS = YES;
				GCC_OPTIMIZATION_LEVEL = 0;
				GCC_PREPROCESSOR_DEFINITIONS = (
					"DEBUG=1",
					"$(inherited)",
				);
				GCC_WARN_64_TO_32_BIT_CONVERSION = YES;
				GCC_WARN_ABOUT_RETURN_TYPE = YES_ERROR;
				GCC_WARN_UNDECLARED_SELECTOR = YES;
				GCC_WARN_UNINITIALIZED_AUTOS = YES_AGGRESSIVE;
				GCC_WARN_UNUSED_FUNCTION = YES;
				GCC_WARN_UNUSED_VARIABLE = YES;
				IPHONEOS_DEPLOYMENT_TARGET = 18.2;
				LOCALIZATION_PREFERS_STRING_CATALOGS = YES;
				MTL_ENABLE_DEBUG_INFO = INCLUDE_SOURCE;
				MTL_FAST_MATH = YES;
				ONLY_ACTIVE_ARCH = YES;
				SDKROOT = iphoneos;
				SWIFT_ACTIVE_COMPILATION_CONDITIONS = "DEBUG $(inherited)";
				SWIFT_OPTIMIZATION_LEVEL = "-Onone";
			};
			name = Debug;
		};
		6AB29D192E44E8F9001A5E39 /* Release */ = {
			isa = XCBuildConfiguration;
			buildSettings = {
				ALWAYS_SEARCH_USER_PATHS = NO;
				ASSETCATALOG_COMPILER_GENERATE_SWIFT_ASSET_SYMBOL_EXTENSIONS = YES;
				CLANG_ANALYZER_NONNULL = YES;
				CLANG_ANALYZER_NUMBER_OBJECT_CONVERSION = YES_AGGRESSIVE;
				CLANG_CXX_LANGUAGE_STANDARD = "gnu++20";
				CLANG_ENABLE_MODULES = YES;
				CLANG_ENABLE_OBJC_ARC = YES;
				CLANG_ENABLE_OBJC_WEAK = YES;
				CLANG_WARN_BLOCK_CAPTURE_AUTORELEASING = YES;
				CLANG_WARN_BOOL_CONVERSION = YES;
				CLANG_WARN_COMMA = YES;
				CLANG_WARN_CONSTANT_CONVERSION = YES;
				CLANG_WARN_DEPRECATED_OBJC_IMPLEMENTATIONS = YES;
				CLANG_WARN_DIRECT_OBJC_ISA_USAGE = YES_ERROR;
				CLANG_WARN_DOCUMENTATION_COMMENTS = YES;
				CLANG_WARN_EMPTY_BODY = YES;
				CLANG_WARN_ENUM_CONVERSION = YES;
				CLANG_WARN_INFINITE_RECURSION = YES;
				CLANG_WARN_INT_CONVERSION = YES;
				CLANG_WARN_NON_LITERAL_NULL_CONVERSION = YES;
				CLANG_WARN_OBJC_IMPLICIT_RETAIN_SELF = YES;
				CLANG_WARN_OBJC_LITERAL_CONVERSION = YES;
				CLANG_WARN_OBJC_ROOT_CLASS = YES_ERROR;
				CLANG_WARN_QUOTED_INCLUDE_IN_FRAMEWORK_HEADER = YES;
				CLANG_WARN_RANGE_LOOP_ANALYSIS = YES;
				CLANG_WARN_STRICT_PROTOTYPES = YES;
				CLANG_WARN_SUSPICIOUS_MOVE = YES;
				CLANG_WARN_UNGUARDED_AVAILABILITY = YES_AGGRESSIVE;
				CLANG_WARN_UNREACHABLE_CODE = YES;
				CLANG_WARN__DUPLICATE_METHOD_MATCH = YES;
				COPY_PHASE_STRIP = NO;
				DEBUG_INFORMATION_FORMAT = "dwarf-with-dsym";
				ENABLE_NS_ASSERTIONS = NO;
				ENABLE_STRICT_OBJC_MSGSEND = YES;
				ENABLE_USER_SCRIPT_SANDBOXING = YES;
				GCC_C_LANGUAGE_STANDARD = gnu17;
				GCC_NO_COMMON_BLOCKS = YES;
				GCC_WARN_64_TO_32_BIT_CONVERSION = YES;
				GCC_WARN_ABOUT_RETURN_TYPE = YES_ERROR;
				GCC_WARN_UNDECLARED_SELECTOR = YES;
				GCC_WARN_UNINITIALIZED_AUTOS = YES_AGGRESSIVE;
				GCC_WARN_UNUSED_FUNCTION = YES;
				GCC_WARN_UNUSED_VARIABLE = YES;
				IPHONEOS_DEPLOYMENT_TARGET = 18.2;
				LOCALIZATION_PREFERS_STRING_CATALOGS = YES;
				MTL_ENABLE_DEBUG_INFO = NO;
				MTL_FAST_MATH = YES;
				SDKROOT = iphoneos;
				SWIFT_COMPILATION_MODE = wholemodule;
				VALIDATE_PRODUCT = YES;
			};
			name = Release;
		};
		6AB29D1B2E44E8F9001A5E39 /* Debug */ = {
			isa = XCBuildConfiguration;
			buildSettings = {
				ASSETCATALOG_COMPILER_APPICON_NAME = AppIcon;
				ASSETCATALOG_COMPILER_GLOBAL_ACCENT_COLOR_NAME = AccentColor;
				CODE_SIGN_ENTITLEMENTS = AIChatMate/AIChatMate.entitlements;
				CODE_SIGN_STYLE = Automatic;
				CURRENT_PROJECT_VERSION = 1;
				DEVELOPMENT_ASSET_PATHS = "\"AIChatMate/Preview Content\"";
				DEVELOPMENT_TEAM = PN63ZGUMDK;
				ENABLE_PREVIEWS = YES;
				GENERATE_INFOPLIST_FILE = YES;
				INFOPLIST_FILE = AIChatMate/Info.plist;
				INFOPLIST_KEY_CFBundleDisplayName = "AI Chat";
				INFOPLIST_KEY_UIApplicationSceneManifest_Generation = YES;
				INFOPLIST_KEY_UIApplicationSupportsIndirectInputEvents = YES;
				INFOPLIST_KEY_UILaunchScreen_Generation = YES;
				INFOPLIST_KEY_UILaunchStoryboardName = LaunchScreen;
				INFOPLIST_KEY_UISupportedInterfaceOrientations_iPad = "UIInterfaceOrientationPortrait UIInterfaceOrientationPortraitUpsideDown UIInterfaceOrientationLandscapeLeft UIInterfaceOrientationLandscapeRight";
				INFOPLIST_KEY_UISupportedInterfaceOrientations_iPhone = "UIInterfaceOrientationPortrait UIInterfaceOrientationLandscapeLeft UIInterfaceOrientationLandscapeRight";
				IPHONEOS_DEPLOYMENT_TARGET = 17.0;
				LD_RUNPATH_SEARCH_PATHS = (
					"$(inherited)",
					"@executable_path/Frameworks",
				);
				MARKETING_VERSION = 1.0;
				PRODUCT_BUNDLE_IDENTIFIER = com.Dhiman.AIChatMessage.AIChatMate;
				PRODUCT_NAME = "$(TARGET_NAME)";
				SUPPORTED_PLATFORMS = "iphoneos iphonesimulator";
				SUPPORTS_MACCATALYST = YES;
				SUPPORTS_MAC_DESIGNED_FOR_IPHONE_IPAD = NO;
				SUPPORTS_XR_DESIGNED_FOR_IPHONE_IPAD = NO;
				SWIFT_EMIT_LOC_STRINGS = YES;
				SWIFT_VERSION = 6.0;
				TARGETED_DEVICE_FAMILY = "1,2";
			};
			name = Debug;
		};
		6AB29D1C2E44E8F9001A5E39 /* Release */ = {
			isa = XCBuildConfiguration;
			buildSettings = {
				ASSETCATALOG_COMPILER_APPICON_NAME = AppIcon;
				ASSETCATALOG_COMPILER_GLOBAL_ACCENT_COLOR_NAME = AccentColor;
				CODE_SIGN_ENTITLEMENTS = AIChatMate/AIChatMate.entitlements;
				CODE_SIGN_STYLE = Automatic;
				CURRENT_PROJECT_VERSION = 1;
				DEVELOPMENT_ASSET_PATHS = "\"AIChatMate/Preview Content\"";
				DEVELOPMENT_TEAM = PN63ZGUMDK;
				ENABLE_PREVIEWS = YES;
				GENERATE_INFOPLIST_FILE = YES;
				INFOPLIST_FILE = AIChatMate/Info.plist;
				INFOPLIST_KEY_CFBundleDisplayName = "AI Chat";
				INFOPLIST_KEY_UIApplicationSceneManifest_Generation = YES;
				INFOPLIST_KEY_UIApplicationSupportsIndirectInputEvents = YES;
				INFOPLIST_KEY_UILaunchScreen_Generation = YES;
				INFOPLIST_KEY_UILaunchStoryboardName = LaunchScreen;
				INFOPLIST_KEY_UISupportedInterfaceOrientations_iPad = "UIInterfaceOrientationPortrait UIInterfaceOrientationPortraitUpsideDown UIInterfaceOrientationLandscapeLeft UIInterfaceOrientationLandscapeRight";
				INFOPLIST_KEY_UISupportedInterfaceOrientations_iPhone = "UIInterfaceOrientationPortrait UIInterfaceOrientationLandscapeLeft UIInterfaceOrientationLandscapeRight";
				IPHONEOS_DEPLOYMENT_TARGET = 17.0;
				LD_RUNPATH_SEARCH_PATHS = (
					"$(inherited)",
					"@executable_path/Frameworks",
				);
				MARKETING_VERSION = 1.0;
				PRODUCT_BUNDLE_IDENTIFIER = com.Dhiman.AIChatMessage.AIChatMate;
				PRODUCT_NAME = "$(TARGET_NAME)";
				SUPPORTED_PLATFORMS = "iphoneos iphonesimulator";
				SUPPORTS_MACCATALYST = YES;
				SUPPORTS_MAC_DESIGNED_FOR_IPHONE_IPAD = NO;
				SUPPORTS_XR_DESIGNED_FOR_IPHONE_IPAD = NO;
				SWIFT_EMIT_LOC_STRINGS = YES;
				SWIFT_VERSION = 6.0;
				TARGETED_DEVICE_FAMILY = "1,2";
			};
			name = Release;
		};
		6AB29D1E2E44E8F9001A5E39 /* Debug */ = {
			isa = XCBuildConfiguration;
			buildSettings = {
				BUNDLE_LOADER = "$(TEST_HOST)";
				CODE_SIGN_STYLE = Automatic;
				CURRENT_PROJECT_VERSION = 1;
				DEVELOPMENT_TEAM = PN63ZGUMDK;
				GENERATE_INFOPLIST_FILE = YES;
				IPHONEOS_DEPLOYMENT_TARGET = 18.2;
				MARKETING_VERSION = 1.0;
				PRODUCT_BUNDLE_IDENTIFIER = com.Dhiman.AIChatMessage.AIChatMateTests;
				PRODUCT_NAME = "$(TARGET_NAME)";
				SWIFT_EMIT_LOC_STRINGS = NO;
				SWIFT_VERSION = 5.0;
				TARGETED_DEVICE_FAMILY = "1,2";
				TEST_HOST = "$(BUILT_PRODUCTS_DIR)/AIChatMate.app/$(BUNDLE_EXECUTABLE_FOLDER_PATH)/AIChatMate";
			};
			name = Debug;
		};
		6AB29D1F2E44E8F9001A5E39 /* Release */ = {
			isa = XCBuildConfiguration;
			buildSettings = {
				BUNDLE_LOADER = "$(TEST_HOST)";
				CODE_SIGN_STYLE = Automatic;
				CURRENT_PROJECT_VERSION = 1;
				DEVELOPMENT_TEAM = PN63ZGUMDK;
				GENERATE_INFOPLIST_FILE = YES;
				IPHONEOS_DEPLOYMENT_TARGET = 18.2;
				MARKETING_VERSION = 1.0;
				PRODUCT_BUNDLE_IDENTIFIER = com.Dhiman.AIChatMessage.AIChatMateTests;
				PRODUCT_NAME = "$(TARGET_NAME)";
				SWIFT_EMIT_LOC_STRINGS = NO;
				SWIFT_VERSION = 5.0;
				TARGETED_DEVICE_FAMILY = "1,2";
				TEST_HOST = "$(BUILT_PRODUCTS_DIR)/AIChatMate.app/$(BUNDLE_EXECUTABLE_FOLDER_PATH)/AIChatMate";
			};
			name = Release;
		};
		6AB29D212E44E8F9001A5E39 /* Debug */ = {
			isa = XCBuildConfiguration;
			buildSettings = {
				CODE_SIGN_STYLE = Automatic;
				CURRENT_PROJECT_VERSION = 1;
				DEVELOPMENT_TEAM = PN63ZGUMDK;
				GENERATE_INFOPLIST_FILE = YES;
				MARKETING_VERSION = 1.0;
				PRODUCT_BUNDLE_IDENTIFIER = com.Dhiman.AIChatMessage.AIChatMateUITests;
				PRODUCT_NAME = "$(TARGET_NAME)";
				SWIFT_EMIT_LOC_STRINGS = NO;
				SWIFT_VERSION = 5.0;
				TARGETED_DEVICE_FAMILY = "1,2";
				TEST_TARGET_NAME = AIChatMate;
			};
			name = Debug;
		};
		6AB29D222E44E8F9001A5E39 /* Release */ = {
			isa = XCBuildConfiguration;
			buildSettings = {
				CODE_SIGN_STYLE = Automatic;
				CURRENT_PROJECT_VERSION = 1;
				DEVELOPMENT_TEAM = PN63ZGUMDK;
				GENERATE_INFOPLIST_FILE = YES;
				MARKETING_VERSION = 1.0;
				PRODUCT_BUNDLE_IDENTIFIER = com.Dhiman.AIChatMessage.AIChatMateUITests;
				PRODUCT_NAME = "$(TARGET_NAME)";
				SWIFT_EMIT_LOC_STRINGS = NO;
				SWIFT_VERSION = 5.0;
				TARGETED_DEVICE_FAMILY = "1,2";
				TEST_TARGET_NAME = AIChatMate;
			};
			name = Release;
		};
/* End XCBuildConfiguration section */

/* Begin XCConfigurationList section */
		6AB29CF12E44E8F4001A5E39 /* Build configuration list for PBXProject "AIChatMate" */ = {
			isa = XCConfigurationList;
			buildConfigurations = (
				6AB29D182E44E8F9001A5E39 /* Debug */,
				6AB29D192E44E8F9001A5E39 /* Release */,
			);
			defaultConfigurationIsVisible = 0;
			defaultConfigurationName = Release;
		};
		6AB29D1A2E44E8F9001A5E39 /* Build configuration list for PBXNativeTarget "AIChatMate" */ = {
			isa = XCConfigurationList;
			buildConfigurations = (
				6AB29D1B2E44E8F9001A5E39 /* Debug */,
				6AB29D1C2E44E8F9001A5E39 /* Release */,
			);
			defaultConfigurationIsVisible = 0;
			defaultConfigurationName = Release;
		};
		6AB29D1D2E44E8F9001A5E39 /* Build configuration list for PBXNativeTarget "AIChatMateTests" */ = {
			isa = XCConfigurationList;
			buildConfigurations = (
				6AB29D1E2E44E8F9001A5E39 /* Debug */,
				6AB29D1F2E44E8F9001A5E39 /* Release */,
			);
			defaultConfigurationIsVisible = 0;
			defaultConfigurationName = Release;
		};
		6AB29D202E44E8F9001A5E39 /* Build configuration list for PBXNativeTarget "AIChatMateUITests" */ = {
			isa = XCConfigurationList;
			buildConfigurations = (
				6AB29D212E44E8F9001A5E39 /* Debug */,
				6AB29D222E44E8F9001A5E39 /* Release */,
			);
			defaultConfigurationIsVisible = 0;
			defaultConfigurationName = Release;
		};
/* End XCConfigurationList section */
	};
	rootObject = 6AB29CEE2E44E8F4001A5E39 /* Project object */;
}
